<?xml version="1.0" encoding="utf-8"?>
<Project ToolsVersion="4.0" xmlns="http://schemas.microsoft.com/developer/msbuild/2003">
  <ItemGroup>
    <Filter Include="Исходные файлы">
      <UniqueIdentifier>{4FC737F1-C7A5-4376-A066-2A32D752A2FF}</UniqueIdentifier>
      <Extensions>cpp;c;cc;cxx;c++;cppm;ixx;def;odl;idl;hpj;bat;asm;asmx</Extensions>
    </Filter>
    <Filter Include="Файлы заголовков">
      <UniqueIdentifier>{93995380-89BD-4b04-88EB-625FBE52EBFB}</UniqueIdentifier>
      <Extensions>h;hh;hpp;hxx;h++;hm;inl;inc;ipp;xsd</Extensions>
    </Filter>
    <Filter Include="Файлы ресурсов">
      <UniqueIdentifier>{67DA6AB6-F800-4c08-8B7A-83BB121AAD01}</UniqueIdentifier>
      <Extensions>rc;ico;cur;bmp;dlg;rc2;rct;bin;rgs;gif;jpg;jpeg;jpe;resx;tiff;tif;png;wav;mfcribbon-ms</Extensions>
    </Filter>
    <Filter Include="Исходные файлы\Math">
      <UniqueIdentifier>{aa398601-dc33-42bf-8574-27ff3e08dcab}</UniqueIdentifier>
    </Filter>
    <Filter Include="Исходные файлы\Converter">
      <UniqueIdentifier>{fb8ebd1e-fcab-4e3f-bfd1-c054995ea501}</UniqueIdentifier>
    </Filter>
    <Filter Include="Исходные файлы\Converter\Rapidxml realization">
      <UniqueIdentifier>{eb0d3639-fa55-40e0-9657-c8e3720542a6}</UniqueIdentifier>
    </Filter>
    <Filter Include="Исходные файлы\Converter\Primitives">
      <UniqueIdentifier>{2aa4d77a-3b5e-4c65-bb9b-36cd098d8bfc}</UniqueIdentifier>
    </Filter>
    <Filter Include="Исходные файлы\Converter\Tags translator">
      <UniqueIdentifier>{946bc76f-b601-44ed-a5d8-78d4d0600073}</UniqueIdentifier>
    </Filter>
    <Filter Include="Исходные файлы\Converter\Tags translator\Path">
      <UniqueIdentifier>{847be94b-4446-4e6f-9512-15973bfeb6b1}</UniqueIdentifier>
    </Filter>
    <Filter Include="Исходные файлы\Converter\Tags translator\Path\Bezier">
      <UniqueIdentifier>{fde617f0-aba2-4bc1-80eb-dbc0d0522a1b}</UniqueIdentifier>
    </Filter>
    <Filter Include="Исходные файлы\Converter\Robot configuration">
      <UniqueIdentifier>{b271bc0d-f777-48f3-bd70-2ac7010161ec}</UniqueIdentifier>
    </Filter>
    <Filter Include="Исходные файлы\Converter\Robot configuration\Coordinate system">
      <UniqueIdentifier>{181af5df-b273-444f-9c73-ffc9dcbccf91}</UniqueIdentifier>
    </Filter>
    <Filter Include="Исходные файлы\Converter\Tags translator\Ellipse sampling">
      <UniqueIdentifier>{83935534-3601-4563-a1ad-9728b2b68e96}</UniqueIdentifier>
    </Filter>
    <Filter Include="Исходные файлы\Converter\Tags translator\Tag">
      <UniqueIdentifier>{ba281d20-7f85-47b2-abcf-1a7825f8f5b1}</UniqueIdentifier>
    </Filter>
    <Filter Include="Исходные файлы\Converter\Tags translator\Transform">
      <UniqueIdentifier>{c8254ca6-b23c-4db0-9b9f-f667a6e25b90}</UniqueIdentifier>
    </Filter>
    <Filter Include="Исходные файлы\Converter\Split primitives">
      <UniqueIdentifier>{212afd96-8eab-46cc-926f-09fe6c133f45}</UniqueIdentifier>
    </Filter>
    <Filter Include="Исходные файлы\Converter\Fill">
      <UniqueIdentifier>{4ea5a4a9-328d-468b-a745-5a6c77b8c749}</UniqueIdentifier>
    </Filter>
  </ItemGroup>
  <ItemGroup>
    <ClCompile Include="code\main.cpp">
      <Filter>Исходные файлы</Filter>
    </ClCompile>
    <ClCompile Include="code\converter\translator.cpp">
      <Filter>Исходные файлы\Converter</Filter>
    </ClCompile>
    <ClCompile Include="code\converter\primitive\primitive.cpp">
      <Filter>Исходные файлы\Converter\Primitives</Filter>
    </ClCompile>
    <ClCompile Include="code\converter\tags_translator\path\bezier\bezier.cpp">
      <Filter>Исходные файлы\Converter\Tags translator\Path\Bezier</Filter>
    </ClCompile>
    <ClCompile Include="code\converter\tags_translator\path\path.cpp">
      <Filter>Исходные файлы\Converter\Tags translator\Path</Filter>
    </ClCompile>
    <ClCompile Include="code\converter\tags_translator\tags_translator.cpp">
      <Filter>Исходные файлы\Converter\Tags translator</Filter>
    </ClCompile>
    <ClCompile Include="code\converter\robot_conf\robot_conf.cpp">
      <Filter>Исходные файлы\Converter\Robot configuration</Filter>
    </ClCompile>
    <ClCompile Include="code\converter\robot_conf\cs\cs.cpp">
      <Filter>Исходные файлы\Converter\Robot configuration\Coordinate system</Filter>
    </ClCompile>
    <ClCompile Include="code\converter\tags_translator\ellipse\ellipse.cpp">
      <Filter>Исходные файлы\Converter\Tags translator\Ellipse sampling</Filter>
    </ClCompile>
    <ClCompile Include="code\converter\tags_translator\tag\tag.cpp">
      <Filter>Исходные файлы\Converter\Tags translator\Tag</Filter>
    </ClCompile>
    <ClCompile Include="code\converter\tags_translator\transform\transform.cpp">
      <Filter>Исходные файлы\Converter\Tags translator\Transform</Filter>
    </ClCompile>
    <ClCompile Include="code\converter\split_primitives\split_prims.cpp">
      <Filter>Исходные файлы\Converter\Split primitives</Filter>
    </ClCompile>
    <ClCompile Include="code\converter\fill\fill.cpp">
      <Filter>Исходные файлы\Converter\Fill</Filter>
    </ClCompile>
  </ItemGroup>
  <ItemGroup>
    <ClInclude Include="code\srm.h">
      <Filter>Исходные файлы</Filter>
    </ClInclude>
    <ClInclude Include="code\math\vector2.h">
      <Filter>Исходные файлы\Math</Filter>
    </ClInclude>
    <ClInclude Include="code\converter\defs.h">
      <Filter>Исходные файлы\Converter</Filter>
    </ClInclude>
    <ClInclude Include="code\converter\rapidxml.hpp">
      <Filter>Исходные файлы\Converter\Rapidxml realization</Filter>
    </ClInclude>
    <ClInclude Include="code\converter\primitive\primitive.h">
      <Filter>Исходные файлы\Converter\Primitives</Filter>
    </ClInclude>
    <ClInclude Include="code\math\vector3.h">
      <Filter>Исходные файлы\Math</Filter>
    </ClInclude>
    <ClInclude Include="code\converter\tags_translator\path\bezier\bezier.h">
      <Filter>Исходные файлы\Converter\Tags translator\Path\Bezier</Filter>
    </ClInclude>
    <ClInclude Include="code\converter\tags_translator\path\path.h">
      <Filter>Исходные файлы\Converter\Tags translator\Path</Filter>
    </ClInclude>
    <ClInclude Include="code\converter\tags_translator\tags_translator.h">
      <Filter>Исходные файлы\Converter\Tags translator</Filter>
    </ClInclude>
    <ClInclude Include="code\converter\translator.h">
      <Filter>Исходные файлы\Converter</Filter>
    </ClInclude>
    <ClInclude Include="code\converter\robot_conf\robot_conf.h">
      <Filter>Исходные файлы\Converter\Robot configuration</Filter>
    </ClInclude>
    <ClInclude Include="code\converter\robot_conf\cs\cs.h">
      <Filter>Исходные файлы\Converter\Robot configuration\Coordinate system</Filter>
    </ClInclude>
    <ClInclude Include="code\math\matr2.h">
      <Filter>Исходные файлы\Math</Filter>
    </ClInclude>
    <ClInclude Include="code\converter\tags_translator\ellipse\ellipse.h">
      <Filter>Исходные файлы\Converter\Tags translator\Ellipse sampling</Filter>
    </ClInclude>
    <ClInclude Include="code\converter\tags_translator\tag\tag.h">
      <Filter>Исходные файлы\Converter\Tags translator\Tag</Filter>
    </ClInclude>
    <ClInclude Include="code\converter\tags_translator\transform\transform.h">
      <Filter>Исходные файлы\Converter\Tags translator\Transform</Filter>
    </ClInclude>
    <ClInclude Include="code\converter\split_primitives\split_prims.h">
      <Filter>Исходные файлы\Converter\Split primitives</Filter>
    </ClInclude>
    <ClInclude Include="code\converter\fill\fill.h">
      <Filter>Исходные файлы\Converter\Fill</Filter>
    </ClInclude>
  </ItemGroup>
</Project>